
Microsoft Visual Studio Solution File, Format Version 12.00
# Visual Studio Version 17
VisualStudioVersion = 17.14.36327.8 d17.14
MinimumVisualStudioVersion = 10.0.40219.1
Project("{FAE04EC0-301F-11D3-BF4B-00C04F79EFBC}") = "Last,LastOrDeafult", "Last,LastOrDeafult\Last,LastOrDeafult.csproj", "{F4F1C2B6-6CA6-4635-8A7A-CDF8C1752C5D}"
EndProject
Global
	GlobalSection(SolutionConfigurationPlatforms) = preSolution
		Debug|Any CPU = Debug|Any CPU
		Release|Any CPU = Release|Any CPU
	EndGlobalSection
	GlobalSection(ProjectConfigurationPlatforms) = postSolution
		{F4F1C2B6-6CA6-4635-8A7A-CDF8C1752C5D}.Debug|Any CPU.ActiveCfg = Debug|Any CPU
		{F4F1C2B6-6CA6-4635-8A7A-CDF8C1752C5D}.Debug|Any CPU.Build.0 = Debug|Any CPU
		{F4F1C2B6-6CA6-4635-8A7A-CDF8C1752C5D}.Release|Any CPU.ActiveCfg = Release|Any CPU
		{F4F1C2B6-6CA6-4635-8A7A-CDF8C1752C5D}.Release|Any CPU.Build.0 = Release|Any CPU
	EndGlobalSection
	GlobalSection(SolutionProperties) = preSolution
		HideSolutionNode = FALSE
	EndGlobalSection
	GlobalSection(ExtensibilityGlobals) = postSolution
		SolutionGuid = {AFBEB3EB-2CA7-4E4C-8A36-21AB6D9B8082}
	EndGlobalSection
EndGlobal
