
Microsoft Visual Studio Solution File, Format Version 12.00
# Visual Studio Version 17
VisualStudioVersion = 17.14.36327.8 d17.14
MinimumVisualStudioVersion = 10.0.40219.1
Project("{FAE04EC0-301F-11D3-BF4B-00C04F79EFBC}") = "Contains", "Contains\Contains.csproj", "{3F161503-1911-4B8B-88ED-057554B4E088}"
EndProject
Global
	GlobalSection(SolutionConfigurationPlatforms) = preSolution
		Debug|Any CPU = Debug|Any CPU
		Release|Any CPU = Release|Any CPU
	EndGlobalSection
	GlobalSection(ProjectConfigurationPlatforms) = postSolution
		{3F161503-1911-4B8B-88ED-057554B4E088}.Debug|Any CPU.ActiveCfg = Debug|Any CPU
		{3F161503-1911-4B8B-88ED-057554B4E088}.Debug|Any CPU.Build.0 = Debug|Any CPU
		{3F161503-1911-4B8B-88ED-057554B4E088}.Release|Any CPU.ActiveCfg = Release|Any CPU
		{3F161503-1911-4B8B-88ED-057554B4E088}.Release|Any CPU.Build.0 = Release|Any CPU
	EndGlobalSection
	GlobalSection(SolutionProperties) = preSolution
		HideSolutionNode = FALSE
	EndGlobalSection
	GlobalSection(ExtensibilityGlobals) = postSolution
		SolutionGuid = {C358DB14-7BCF-43D0-9BD4-919EF80334CB}
	EndGlobalSection
EndGlobal
