
Microsoft Visual Studio Solution File, Format Version 12.00
# Visual Studio Version 17
VisualStudioVersion = 17.14.36327.8 d17.14
MinimumVisualStudioVersion = 10.0.40219.1
Project("{FAE04EC0-301F-11D3-BF4B-00C04F79EFBC}") = "All", "All\All.csproj", "{EA59F973-AB14-44F9-8A2C-7599482CBD6D}"
EndProject
Global
	GlobalSection(SolutionConfigurationPlatforms) = preSolution
		Debug|Any CPU = Debug|Any CPU
		Release|Any CPU = Release|Any CPU
	EndGlobalSection
	GlobalSection(ProjectConfigurationPlatforms) = postSolution
		{EA59F973-AB14-44F9-8A2C-7599482CBD6D}.Debug|Any CPU.ActiveCfg = Debug|Any CPU
		{EA59F973-AB14-44F9-8A2C-7599482CBD6D}.Debug|Any CPU.Build.0 = Debug|Any CPU
		{EA59F973-AB14-44F9-8A2C-7599482CBD6D}.Release|Any CPU.ActiveCfg = Release|Any CPU
		{EA59F973-AB14-44F9-8A2C-7599482CBD6D}.Release|Any CPU.Build.0 = Release|Any CPU
	EndGlobalSection
	GlobalSection(SolutionProperties) = preSolution
		HideSolutionNode = FALSE
	EndGlobalSection
	GlobalSection(ExtensibilityGlobals) = postSolution
		SolutionGuid = {89EC5F93-1DFA-46C4-AE47-827EAD2D70F4}
	EndGlobalSection
EndGlobal
