
Microsoft Visual Studio Solution File, Format Version 12.00
# Visual Studio Version 17
VisualStudioVersion = 17.14.36327.8 d17.14
MinimumVisualStudioVersion = 10.0.40219.1
Project("{FAE04EC0-301F-11D3-BF4B-00C04F79EFBC}") = "ElementAt, ElementAtOrDeafult", "ElementAt, ElementAtOrDeafult\ElementAt, ElementAtOrDeafult.csproj", "{2A9C820F-D5E9-48D1-B022-AA3F657134E7}"
EndProject
Global
	GlobalSection(SolutionConfigurationPlatforms) = preSolution
		Debug|Any CPU = Debug|Any CPU
		Release|Any CPU = Release|Any CPU
	EndGlobalSection
	GlobalSection(ProjectConfigurationPlatforms) = postSolution
		{2A9C820F-D5E9-48D1-B022-AA3F657134E7}.Debug|Any CPU.ActiveCfg = Debug|Any CPU
		{2A9C820F-D5E9-48D1-B022-AA3F657134E7}.Debug|Any CPU.Build.0 = Debug|Any CPU
		{2A9C820F-D5E9-48D1-B022-AA3F657134E7}.Release|Any CPU.ActiveCfg = Release|Any CPU
		{2A9C820F-D5E9-48D1-B022-AA3F657134E7}.Release|Any CPU.Build.0 = Release|Any CPU
	EndGlobalSection
	GlobalSection(SolutionProperties) = preSolution
		HideSolutionNode = FALSE
	EndGlobalSection
	GlobalSection(ExtensibilityGlobals) = postSolution
		SolutionGuid = {F415CBC8-21A3-4EE2-96B7-BE622B62D592}
	EndGlobalSection
EndGlobal
