
Microsoft Visual Studio Solution File, Format Version 12.00
# Visual Studio Version 17
VisualStudioVersion = 17.14.36327.8 d17.14
MinimumVisualStudioVersion = 10.0.40219.1
Project("{FAE04EC0-301F-11D3-BF4B-00C04F79EFBC}") = "OrderBy", "OrderBy\OrderBy.csproj", "{37403406-D8B0-44E7-AB79-F02A9121FFA9}"
EndProject
Global
	GlobalSection(SolutionConfigurationPlatforms) = preSolution
		Debug|Any CPU = Debug|Any CPU
		Release|Any CPU = Release|Any CPU
	EndGlobalSection
	GlobalSection(ProjectConfigurationPlatforms) = postSolution
		{37403406-D8B0-44E7-AB79-F02A9121FFA9}.Debug|Any CPU.ActiveCfg = Debug|Any CPU
		{37403406-D8B0-44E7-AB79-F02A9121FFA9}.Debug|Any CPU.Build.0 = Debug|Any CPU
		{37403406-D8B0-44E7-AB79-F02A9121FFA9}.Release|Any CPU.ActiveCfg = Release|Any CPU
		{37403406-D8B0-44E7-AB79-F02A9121FFA9}.Release|Any CPU.Build.0 = Release|Any CPU
	EndGlobalSection
	GlobalSection(SolutionProperties) = preSolution
		HideSolutionNode = FALSE
	EndGlobalSection
	GlobalSection(ExtensibilityGlobals) = postSolution
		SolutionGuid = {01AC60E6-D70A-4C71-9044-DADF010580A1}
	EndGlobalSection
EndGlobal
