
Microsoft Visual Studio Solution File, Format Version 12.00
# Visual Studio Version 17
VisualStudioVersion = 17.14.36327.8 d17.14
MinimumVisualStudioVersion = 10.0.40219.1
Project("{FAE04EC0-301F-11D3-BF4B-00C04F79EFBC}") = "Entity_FrameworkCore", "Entity_FrameworkCore\Entity_FrameworkCore.csproj", "{65EE9F4C-C448-4CE5-85CA-7B3428D64C8C}"
EndProject
Global
	GlobalSection(SolutionConfigurationPlatforms) = preSolution
		Debug|Any CPU = Debug|Any CPU
		Release|Any CPU = Release|Any CPU
	EndGlobalSection
	GlobalSection(ProjectConfigurationPlatforms) = postSolution
		{65EE9F4C-C448-4CE5-85CA-7B3428D64C8C}.Debug|Any CPU.ActiveCfg = Debug|Any CPU
		{65EE9F4C-C448-4CE5-85CA-7B3428D64C8C}.Debug|Any CPU.Build.0 = Debug|Any CPU
		{65EE9F4C-C448-4CE5-85CA-7B3428D64C8C}.Release|Any CPU.ActiveCfg = Release|Any CPU
		{65EE9F4C-C448-4CE5-85CA-7B3428D64C8C}.Release|Any CPU.Build.0 = Release|Any CPU
	EndGlobalSection
	GlobalSection(SolutionProperties) = preSolution
		HideSolutionNode = FALSE
	EndGlobalSection
	GlobalSection(ExtensibilityGlobals) = postSolution
		SolutionGuid = {597417B8-A7E2-478E-AD3F-852C70DB11D7}
	EndGlobalSection
EndGlobal
