
Microsoft Visual Studio Solution File, Format Version 12.00
# Visual Studio Version 17
VisualStudioVersion = 17.14.36327.8 d17.14
MinimumVisualStudioVersion = 10.0.40219.1
Project("{FAE04EC0-301F-11D3-BF4B-00C04F79EFBC}") = "Hash_table", "Hash_table\Hash_table.csproj", "{57441001-BA9F-4429-92F8-404FC7DDFF1D}"
EndProject
Global
	GlobalSection(SolutionConfigurationPlatforms) = preSolution
		Debug|Any CPU = Debug|Any CPU
		Release|Any CPU = Release|Any CPU
	EndGlobalSection
	GlobalSection(ProjectConfigurationPlatforms) = postSolution
		{57441001-BA9F-4429-92F8-404FC7DDFF1D}.Debug|Any CPU.ActiveCfg = Debug|Any CPU
		{57441001-BA9F-4429-92F8-404FC7DDFF1D}.Debug|Any CPU.Build.0 = Debug|Any CPU
		{57441001-BA9F-4429-92F8-404FC7DDFF1D}.Release|Any CPU.ActiveCfg = Release|Any CPU
		{57441001-BA9F-4429-92F8-404FC7DDFF1D}.Release|Any CPU.Build.0 = Release|Any CPU
	EndGlobalSection
	GlobalSection(SolutionProperties) = preSolution
		HideSolutionNode = FALSE
	EndGlobalSection
	GlobalSection(ExtensibilityGlobals) = postSolution
		SolutionGuid = {C98DE009-9D24-4915-B82E-7C27426AD30E}
	EndGlobalSection
EndGlobal
