
Microsoft Visual Studio Solution File, Format Version 12.00
# Visual Studio Version 17
VisualStudioVersion = 17.14.36327.8 d17.14
MinimumVisualStudioVersion = 10.0.40219.1
Project("{FAE04EC0-301F-11D3-BF4B-00C04F79EFBC}") = "Left Join", "Left Join\Left Join.csproj", "{BDBCD317-DF7E-4BCF-844F-C7CABE0DEBAD}"
EndProject
Global
	GlobalSection(SolutionConfigurationPlatforms) = preSolution
		Debug|Any CPU = Debug|Any CPU
		Release|Any CPU = Release|Any CPU
	EndGlobalSection
	GlobalSection(ProjectConfigurationPlatforms) = postSolution
		{BDBCD317-DF7E-4BCF-844F-C7CABE0DEBAD}.Debug|Any CPU.ActiveCfg = Debug|Any CPU
		{BDBCD317-DF7E-4BCF-844F-C7CABE0DEBAD}.Debug|Any CPU.Build.0 = Debug|Any CPU
		{BDBCD317-DF7E-4BCF-844F-C7CABE0DEBAD}.Release|Any CPU.ActiveCfg = Release|Any CPU
		{BDBCD317-DF7E-4BCF-844F-C7CABE0DEBAD}.Release|Any CPU.Build.0 = Release|Any CPU
	EndGlobalSection
	GlobalSection(SolutionProperties) = preSolution
		HideSolutionNode = FALSE
	EndGlobalSection
	GlobalSection(ExtensibilityGlobals) = postSolution
		SolutionGuid = {F881DCFC-2B84-4202-8F94-E8685FC5E7BC}
	EndGlobalSection
EndGlobal
